
Microsoft Visual Studio Solution File, Format Version 12.00
# Visual Studio Version 16
VisualStudioVersion = 16.0.31624.102
MinimumVisualStudioVersion = 10.0.40219.1
Project("{8BC9CEB8-8B4A-11D0-8D11-00A0C91BC942}") = "Riding Hood World Model", "Riding Hood World Model\Riding Hood World Model.vcxproj", "{94480F7A-AB87-412C-BF1F-5745D1EA8016}"
EndProject
Global
	GlobalSection(SolutionConfigurationPlatforms) = preSolution
		Debug|x64 = Debug|x64
		Debug|x86 = Debug|x86
		Release|x64 = Release|x64
		Release|x86 = Release|x86
	EndGlobalSection
	GlobalSection(ProjectConfigurationPlatforms) = postSolution
		{94480F7A-AB87-412C-BF1F-5745D1EA8016}.Debug|x64.ActiveCfg = Debug|x64
		{94480F7A-AB87-412C-BF1F-5745D1EA8016}.Debug|x64.Build.0 = Debug|x64
		{94480F7A-AB87-412C-BF1F-5745D1EA8016}.Debug|x86.ActiveCfg = Debug|Win32
		{94480F7A-AB87-412C-BF1F-5745D1EA8016}.Debug|x86.Build.0 = Debug|Win32
		{94480F7A-AB87-412C-BF1F-5745D1EA8016}.Release|x64.ActiveCfg = Release|x64
		{94480F7A-AB87-412C-BF1F-5745D1EA8016}.Release|x64.Build.0 = Release|x64
		{94480F7A-AB87-412C-BF1F-5745D1EA8016}.Release|x86.ActiveCfg = Release|Win32
		{94480F7A-AB87-412C-BF1F-5745D1EA8016}.Release|x86.Build.0 = Release|Win32
	EndGlobalSection
	GlobalSection(SolutionProperties) = preSolution
		HideSolutionNode = FALSE
	EndGlobalSection
	GlobalSection(ExtensibilityGlobals) = postSolution
		SolutionGuid = {BC2088D1-2DC2-4B02-B362-23132559B969}
	EndGlobalSection
EndGlobal
